
Microsoft Visual Studio Solution File, Format Version 11.00
# Visual Studio 2010
Project("{FAE04EC0-301F-11D3-BF4B-00C04F79EFBC}") = "2D Basebuilder", "Assembly-CSharp.csproj", "{490EC445-4BFC-1CF3-77B7-3B92C1905086}"
EndProject
Global
	GlobalSection(SolutionConfigurationPlatforms) = preSolution
		Debug|Any CPU = Debug|Any CPU
		Release|Any CPU = Release|Any CPU
	EndGlobalSection
	GlobalSection(ProjectConfigurationPlatforms) = postSolution
		{490EC445-4BFC-1CF3-77B7-3B92C1905086}.Debug|Any CPU.ActiveCfg = Debug|Any CPU
		{490EC445-4BFC-1CF3-77B7-3B92C1905086}.Debug|Any CPU.Build.0 = Debug|Any CPU
		{490EC445-4BFC-1CF3-77B7-3B92C1905086}.Release|Any CPU.ActiveCfg = Release|Any CPU
		{490EC445-4BFC-1CF3-77B7-3B92C1905086}.Release|Any CPU.Build.0 = Release|Any CPU
	EndGlobalSection
	GlobalSection(SolutionProperties) = preSolution
		HideSolutionNode = FALSE
	EndGlobalSection
	GlobalSection(MonoDevelopProperties) = preSolution
		StartupItem = Assembly-CSharp.csproj
	EndGlobalSection
EndGlobal
